// !$*UTF8*$!
{
	archiveVersion = 1;
	classes = {
	};
	objectVersion = 50;
	objects = {

/* Begin PBXBuildFile section */
		E20A5DD225F2E52700C40F81 /* FruitNutrientsView.swift in Sources */ = {isa = PBXBuildFile; fileRef = E20A5DD125F2E52700C40F81 /* FruitNutrientsView.swift */; };
		E2986CB725F06EA6009599A3 /* FruitRowView.swift in Sources */ = {isa = PBXBuildFile; fileRef = E2986CB625F06EA6009599A3 /* FruitRowView.swift */; };
		E2986CBE25F0754A009599A3 /* FruitDetailView.swift in Sources */ = {isa = PBXBuildFile; fileRef = E2986CBD25F0754A009599A3 /* FruitDetailView.swift */; };
		E2986CC125F07B5D009599A3 /* FruitHeaderView.swift in Sources */ = {isa = PBXBuildFile; fileRef = E2986CC025F07B5D009599A3 /* FruitHeaderView.swift */; };
		E2986CC425F07DA1009599A3 /* SourceLinkView.swift in Sources */ = {isa = PBXBuildFile; fileRef = E2986CC325F07DA1009599A3 /* SourceLinkView.swift */; };
		E2AEFA1225EF0E2B00CC5BF2 /* FructusApp.swift in Sources */ = {isa = PBXBuildFile; fileRef = E2AEFA1125EF0E2B00CC5BF2 /* FructusApp.swift */; };
		E2AEFA1425EF0E2B00CC5BF2 /* ContentView.swift in Sources */ = {isa = PBXBuildFile; fileRef = E2AEFA1325EF0E2B00CC5BF2 /* ContentView.swift */; };
		E2AEFA1625EF0E2C00CC5BF2 /* Assets.xcassets in Resources */ = {isa = PBXBuildFile; fileRef = E2AEFA1525EF0E2C00CC5BF2 /* Assets.xcassets */; };
		E2AEFA1925EF0E2C00CC5BF2 /* Preview Assets.xcassets in Resources */ = {isa = PBXBuildFile; fileRef = E2AEFA1825EF0E2C00CC5BF2 /* Preview Assets.xcassets */; };
		E2AEFA2625EF0F6000CC5BF2 /* FruitCardView.swift in Sources */ = {isa = PBXBuildFile; fileRef = E2AEFA2525EF0F6000CC5BF2 /* FruitCardView.swift */; };
		E2AEFA2A25EF113800CC5BF2 /* StartButtonView.swift in Sources */ = {isa = PBXBuildFile; fileRef = E2AEFA2925EF113800CC5BF2 /* StartButtonView.swift */; };
		E2AEFA2D25EF42CD00CC5BF2 /* OnboardingView.swift in Sources */ = {isa = PBXBuildFile; fileRef = E2AEFA2C25EF42CD00CC5BF2 /* OnboardingView.swift */; };
		E2AEFA3125EF44CE00CC5BF2 /* FruitModel.swift in Sources */ = {isa = PBXBuildFile; fileRef = E2AEFA3025EF44CE00CC5BF2 /* FruitModel.swift */; };
		E2AEFA3525EF46E700CC5BF2 /* FruitData.swift in Sources */ = {isa = PBXBuildFile; fileRef = E2AEFA3425EF46E700CC5BF2 /* FruitData.swift */; };
/* End PBXBuildFile section */

/* Begin PBXFileReference section */
		E20A5DD125F2E52700C40F81 /* FruitNutrientsView.swift */ = {isa = PBXFileReference; lastKnownFileType = sourcecode.swift; path = FruitNutrientsView.swift; sourceTree = "<group>"; };
		E2986CB625F06EA6009599A3 /* FruitRowView.swift */ = {isa = PBXFileReference; lastKnownFileType = sourcecode.swift; path = FruitRowView.swift; sourceTree = "<group>"; };
		E2986CBD25F0754A009599A3 /* FruitDetailView.swift */ = {isa = PBXFileReference; lastKnownFileType = sourcecode.swift; path = FruitDetailView.swift; sourceTree = "<group>"; };
		E2986CC025F07B5D009599A3 /* FruitHeaderView.swift */ = {isa = PBXFileReference; lastKnownFileType = sourcecode.swift; path = FruitHeaderView.swift; sourceTree = "<group>"; };
		E2986CC325F07DA1009599A3 /* SourceLinkView.swift */ = {isa = PBXFileReference; lastKnownFileType = sourcecode.swift; path = SourceLinkView.swift; sourceTree = "<group>"; };
		E2AEFA0E25EF0E2B00CC5BF2 /* Fructus.app */ = {isa = PBXFileReference; explicitFileType = wrapper.application; includeInIndex = 0; path = Fructus.app; sourceTree = BUILT_PRODUCTS_DIR; };
		E2AEFA1125EF0E2B00CC5BF2 /* FructusApp.swift */ = {isa = PBXFileReference; lastKnownFileType = sourcecode.swift; path = FructusApp.swift; sourceTree = "<group>"; };
		E2AEFA1325EF0E2B00CC5BF2 /* ContentView.swift */ = {isa = PBXFileReference; lastKnownFileType = sourcecode.swift; path = ContentView.swift; sourceTree = "<group>"; };
		E2AEFA1525EF0E2C00CC5BF2 /* Assets.xcassets */ = {isa = PBXFileReference; lastKnownFileType = folder.assetcatalog; path = Assets.xcassets; sourceTree = "<group>"; };
		E2AEFA1825EF0E2C00CC5BF2 /* Preview Assets.xcassets */ = {isa = PBXFileReference; lastKnownFileType = folder.assetcatalog; path = "Preview Assets.xcassets"; sourceTree = "<group>"; };
		E2AEFA1A25EF0E2C00CC5BF2 /* Info.plist */ = {isa = PBXFileReference; lastKnownFileType = text.plist.xml; path = Info.plist; sourceTree = "<group>"; };
		E2AEFA2525EF0F6000CC5BF2 /* FruitCardView.swift */ = {isa = PBXFileReference; lastKnownFileType = sourcecode.swift; path = FruitCardView.swift; sourceTree = "<group>"; };
		E2AEFA2925EF113800CC5BF2 /* StartButtonView.swift */ = {isa = PBXFileReference; lastKnownFileType = sourcecode.swift; path = StartButtonView.swift; sourceTree = "<group>"; };
		E2AEFA2C25EF42CD00CC5BF2 /* OnboardingView.swift */ = {isa = PBXFileReference; lastKnownFileType = sourcecode.swift; path = OnboardingView.swift; sourceTree = "<group>"; };
		E2AEFA3025EF44CE00CC5BF2 /* FruitModel.swift */ = {isa = PBXFileReference; lastKnownFileType = sourcecode.swift; path = FruitModel.swift; sourceTree = "<group>"; };
		E2AEFA3425EF46E700CC5BF2 /* FruitData.swift */ = {isa = PBXFileReference; lastKnownFileType = sourcecode.swift; path = FruitData.swift; sourceTree = "<group>"; };
/* End PBXFileReference section */

/* Begin PBXFrameworksBuildPhase section */
		E2AEFA0B25EF0E2B00CC5BF2 /* Frameworks */ = {
			isa = PBXFrameworksBuildPhase;
			buildActionMask = 2147483647;
			files = (
			);
			runOnlyForDeploymentPostprocessing = 0;
		};
/* End PBXFrameworksBuildPhase section */

/* Begin PBXGroup section */
		E2AEFA0525EF0E2B00CC5BF2 = {
			isa = PBXGroup;
			children = (
				E2AEFA1025EF0E2B00CC5BF2 /* Fructus */,
				E2AEFA0F25EF0E2B00CC5BF2 /* Products */,
			);
			sourceTree = "<group>";
		};
		E2AEFA0F25EF0E2B00CC5BF2 /* Products */ = {
			isa = PBXGroup;
			children = (
				E2AEFA0E25EF0E2B00CC5BF2 /* Fructus.app */,
			);
			name = Products;
			sourceTree = "<group>";
		};
		E2AEFA1025EF0E2B00CC5BF2 /* Fructus */ = {
			isa = PBXGroup;
			children = (
				E2AEFA3325EF46D400CC5BF2 /* Data */,
				E2AEFA2F25EF44B900CC5BF2 /* Model */,
				E2AEFA2425EF0F5400CC5BF2 /* View */,
				E2AEFA2125EF0E3600CC5BF2 /* App */,
				E2AEFA1525EF0E2C00CC5BF2 /* Assets.xcassets */,
				E2AEFA1A25EF0E2C00CC5BF2 /* Info.plist */,
				E2AEFA1725EF0E2C00CC5BF2 /* Preview Content */,
			);
			path = Fructus;
			sourceTree = "<group>";
		};
		E2AEFA1725EF0E2C00CC5BF2 /* Preview Content */ = {
			isa = PBXGroup;
			children = (
				E2AEFA1825EF0E2C00CC5BF2 /* Preview Assets.xcassets */,
			);
			path = "Preview Content";
			sourceTree = "<group>";
		};
		E2AEFA2125EF0E3600CC5BF2 /* App */ = {
			isa = PBXGroup;
			children = (
				E2AEFA1125EF0E2B00CC5BF2 /* FructusApp.swift */,
				E2AEFA1325EF0E2B00CC5BF2 /* ContentView.swift */,
				E2AEFA2C25EF42CD00CC5BF2 /* OnboardingView.swift */,
				E2986CBD25F0754A009599A3 /* FruitDetailView.swift */,
			);
			path = App;
			sourceTree = "<group>";
		};
		E2AEFA2425EF0F5400CC5BF2 /* View */ = {
			isa = PBXGroup;
			children = (
				E2AEFA2525EF0F6000CC5BF2 /* FruitCardView.swift */,
				E2AEFA2925EF113800CC5BF2 /* StartButtonView.swift */,
				E2986CB625F06EA6009599A3 /* FruitRowView.swift */,
				E2986CC025F07B5D009599A3 /* FruitHeaderView.swift */,
				E2986CC325F07DA1009599A3 /* SourceLinkView.swift */,
				E20A5DD125F2E52700C40F81 /* FruitNutrientsView.swift */,
			);
			path = View;
			sourceTree = "<group>";
		};
		E2AEFA2F25EF44B900CC5BF2 /* Model */ = {
			isa = PBXGroup;
			children = (
				E2AEFA3025EF44CE00CC5BF2 /* FruitModel.swift */,
			);
			path = Model;
			sourceTree = "<group>";
		};
		E2AEFA3325EF46D400CC5BF2 /* Data */ = {
			isa = PBXGroup;
			children = (
				E2AEFA3425EF46E700CC5BF2 /* FruitData.swift */,
			);
			path = Data;
			sourceTree = "<group>";
		};
/* End PBXGroup section */

/* Begin PBXNativeTarget section */
		E2AEFA0D25EF0E2B00CC5BF2 /* Fructus */ = {
			isa = PBXNativeTarget;
			buildConfigurationList = E2AEFA1D25EF0E2C00CC5BF2 /* Build configuration list for PBXNativeTarget "Fructus" */;
			buildPhases = (
				E2AEFA0A25EF0E2B00CC5BF2 /* Sources */,
				E2AEFA0B25EF0E2B00CC5BF2 /* Frameworks */,
				E2AEFA0C25EF0E2B00CC5BF2 /* Resources */,
			);
			buildRules = (
			);
			dependencies = (
			);
			name = Fructus;
			productName = Fructus;
			productReference = E2AEFA0E25EF0E2B00CC5BF2 /* Fructus.app */;
			productType = "com.apple.product-type.application";
		};
/* End PBXNativeTarget section */

/* Begin PBXProject section */
		E2AEFA0625EF0E2B00CC5BF2 /* Project object */ = {
			isa = PBXProject;
			attributes = {
				LastSwiftUpdateCheck = 1240;
				LastUpgradeCheck = 1240;
				TargetAttributes = {
					E2AEFA0D25EF0E2B00CC5BF2 = {
						CreatedOnToolsVersion = 12.4;
					};
				};
			};
			buildConfigurationList = E2AEFA0925EF0E2B00CC5BF2 /* Build configuration list for PBXProject "Fructus" */;
			compatibilityVersion = "Xcode 9.3";
			developmentRegion = en;
			hasScannedForEncodings = 0;
			knownRegions = (
				en,
				Base,
			);
			mainGroup = E2AEFA0525EF0E2B00CC5BF2;
			productRefGroup = E2AEFA0F25EF0E2B00CC5BF2 /* Products */;
			projectDirPath = "";
			projectRoot = "";
			targets = (
				E2AEFA0D25EF0E2B00CC5BF2 /* Fructus */,
			);
		};
/* End PBXProject section */

/* Begin PBXResourcesBuildPhase section */
		E2AEFA0C25EF0E2B00CC5BF2 /* Resources */ = {
			isa = PBXResourcesBuildPhase;
			buildActionMask = 2147483647;
			files = (
				E2AEFA1925EF0E2C00CC5BF2 /* Preview Assets.xcassets in Resources */,
				E2AEFA1625EF0E2C00CC5BF2 /* Assets.xcassets in Resources */,
			);
			runOnlyForDeploymentPostprocessing = 0;
		};
/* End PBXResourcesBuildPhase section */

/* Begin PBXSourcesBuildPhase section */
		E2AEFA0A25EF0E2B00CC5BF2 /* Sources */ = {
			isa = PBXSourcesBuildPhase;
			buildActionMask = 2147483647;
			files = (
				E2AEFA3525EF46E700CC5BF2 /* FruitData.swift in Sources */,
				E2986CC425F07DA1009599A3 /* SourceLinkView.swift in Sources */,
				E2AEFA2625EF0F6000CC5BF2 /* FruitCardView.swift in Sources */,
				E2986CB725F06EA6009599A3 /* FruitRowView.swift in Sources */,
				E20A5DD225F2E52700C40F81 /* FruitNutrientsView.swift in Sources */,
				E2AEFA2A25EF113800CC5BF2 /* StartButtonView.swift in Sources */,
				E2986CBE25F0754A009599A3 /* FruitDetailView.swift in Sources */,
				E2AEFA1425EF0E2B00CC5BF2 /* ContentView.swift in Sources */,
				E2986CC125F07B5D009599A3 /* FruitHeaderView.swift in Sources */,
				E2AEFA2D25EF42CD00CC5BF2 /* OnboardingView.swift in Sources */,
				E2AEFA3125EF44CE00CC5BF2 /* FruitModel.swift in Sources */,
				E2AEFA1225EF0E2B00CC5BF2 /* FructusApp.swift in Sources */,
			);
			runOnlyForDeploymentPostprocessing = 0;
		};
/* End PBXSourcesBuildPhase section */

/* Begin XCBuildConfiguration section */
		E2AEFA1B25EF0E2C00CC5BF2 /* Debug */ = {
			isa = XCBuildConfiguration;
			buildSettings = {
				ALWAYS_SEARCH_USER_PATHS = NO;
				CLANG_ANALYZER_NONNULL = YES;
				CLANG_ANALYZER_NUMBER_OBJECT_CONVERSION = YES_AGGRESSIVE;
				CLANG_CXX_LANGUAGE_STANDARD = "gnu++14";
				CLANG_CXX_LIBRARY = "libc++";
				CLANG_ENABLE_MODULES = YES;
				CLANG_ENABLE_OBJC_ARC = YES;
				CLANG_ENABLE_OBJC_WEAK = YES;
				CLANG_WARN_BLOCK_CAPTURE_AUTORELEASING = YES;
				CLANG_WARN_BOOL_CONVERSION = YES;
				CLANG_WARN_COMMA = YES;
				CLANG_WARN_CONSTANT_CONVERSION = YES;
				CLANG_WARN_DEPRECATED_OBJC_IMPLEMENTATIONS = YES;
				CLANG_WARN_DIRECT_OBJC_ISA_USAGE = YES_ERROR;
				CLANG_WARN_DOCUMENTATION_COMMENTS = YES;
				CLANG_WARN_EMPTY_BODY = YES;
				CLANG_WARN_ENUM_CONVERSION = YES;
				CLANG_WARN_INFINITE_RECURSION = YES;
				CLANG_WARN_INT_CONVERSION = YES;
				CLANG_WARN_NON_LITERAL_NULL_CONVERSION = YES;
				CLANG_WARN_OBJC_IMPLICIT_RETAIN_SELF = YES;
				CLANG_WARN_OBJC_LITERAL_CONVERSION = YES;
				CLANG_WARN_OBJC_ROOT_CLASS = YES_ERROR;
				CLANG_WARN_QUOTED_INCLUDE_IN_FRAMEWORK_HEADER = YES;
				CLANG_WARN_RANGE_LOOP_ANALYSIS = YES;
				CLANG_WARN_STRICT_PROTOTYPES = YES;
				CLANG_WARN_SUSPICIOUS_MOVE = YES;
				CLANG_WARN_UNGUARDED_AVAILABILITY = YES_AGGRESSIVE;
				CLANG_WARN_UNREACHABLE_CODE = YES;
				CLANG_WARN__DUPLICATE_METHOD_MATCH = YES;
				COPY_PHASE_STRIP = NO;
				DEBUG_INFORMATION_FORMAT = dwarf;
				ENABLE_STRICT_OBJC_MSGSEND = YES;
				ENABLE_TESTABILITY = YES;
				GCC_C_LANGUAGE_STANDARD = gnu11;
				GCC_DYNAMIC_NO_PIC = NO;
				GCC_NO_COMMON_BLOCKS = YES;
				GCC_OPTIMIZATION_LEVEL = 0;
				GCC_PREPROCESSOR_DEFINITIONS = (
					"DEBUG=1",
					"$(inherited)",
				);
				GCC_WARN_64_TO_32_BIT_CONVERSION = YES;
				GCC_WARN_ABOUT_RETURN_TYPE = YES_ERROR;
				GCC_WARN_UNDECLARED_SELECTOR = YES;
				GCC_WARN_UNINITIALIZED_AUTOS = YES_AGGRESSIVE;
				GCC_WARN_UNUSED_FUNCTION = YES;
				GCC_WARN_UNUSED_VARIABLE = YES;
				IPHONEOS_DEPLOYMENT_TARGET = 14.4;
				MTL_ENABLE_DEBUG_INFO = INCLUDE_SOURCE;
				MTL_FAST_MATH = YES;
				ONLY_ACTIVE_ARCH = YES;
				SDKROOT = iphoneos;
				SWIFT_ACTIVE_COMPILATION_CONDITIONS = DEBUG;
				SWIFT_OPTIMIZATION_LEVEL = "-Onone";
			};
			name = Debug;
		};
		E2AEFA1C25EF0E2C00CC5BF2 /* Release */ = {
			isa = XCBuildConfiguration;
			buildSettings = {
				ALWAYS_SEARCH_USER_PATHS = NO;
				CLANG_ANALYZER_NONNULL = YES;
				CLANG_ANALYZER_NUMBER_OBJECT_CONVERSION = YES_AGGRESSIVE;
				CLANG_CXX_LANGUAGE_STANDARD = "gnu++14";
				CLANG_CXX_LIBRARY = "libc++";
				CLANG_ENABLE_MODULES = YES;
				CLANG_ENABLE_OBJC_ARC = YES;
				CLANG_ENABLE_OBJC_WEAK = YES;
				CLANG_WARN_BLOCK_CAPTURE_AUTORELEASING = YES;
				CLANG_WARN_BOOL_CONVERSION = YES;
				CLANG_WARN_COMMA = YES;
				CLANG_WARN_CONSTANT_CONVERSION = YES;
				CLANG_WARN_DEPRECATED_OBJC_IMPLEMENTATIONS = YES;
				CLANG_WARN_DIRECT_OBJC_ISA_USAGE = YES_ERROR;
				CLANG_WARN_DOCUMENTATION_COMMENTS = YES;
				CLANG_WARN_EMPTY_BODY = YES;
				CLANG_WARN_ENUM_CONVERSION = YES;
				CLANG_WARN_INFINITE_RECURSION = YES;
				CLANG_WARN_INT_CONVERSION = YES;
				CLANG_WARN_NON_LITERAL_NULL_CONVERSION = YES;
				CLANG_WARN_OBJC_IMPLICIT_RETAIN_SELF = YES;
				CLANG_WARN_OBJC_LITERAL_CONVERSION = YES;
				CLANG_WARN_OBJC_ROOT_CLASS = YES_ERROR;
				CLANG_WARN_QUOTED_INCLUDE_IN_FRAMEWORK_HEADER = YES;
				CLANG_WARN_RANGE_LOOP_ANALYSIS = YES;
				CLANG_WARN_STRICT_PROTOTYPES = YES;
				CLANG_WARN_SUSPICIOUS_MOVE = YES;
				CLANG_WARN_UNGUARDED_AVAILABILITY = YES_AGGRESSIVE;
				CLANG_WARN_UNREACHABLE_CODE = YES;
				CLANG_WARN__DUPLICATE_METHOD_MATCH = YES;
				COPY_PHASE_STRIP = NO;
				DEBUG_INFORMATION_FORMAT = "dwarf-with-dsym";
				ENABLE_NS_ASSERTIONS = NO;
				ENABLE_STRICT_OBJC_MSGSEND = YES;
				GCC_C_LANGUAGE_STANDARD = gnu11;
				GCC_NO_COMMON_BLOCKS = YES;
				GCC_WARN_64_TO_32_BIT_CONVERSION = YES;
				GCC_WARN_ABOUT_RETURN_TYPE = YES_ERROR;
				GCC_WARN_UNDECLARED_SELECTOR = YES;
				GCC_WARN_UNINITIALIZED_AUTOS = YES_AGGRESSIVE;
				GCC_WARN_UNUSED_FUNCTION = YES;
				GCC_WARN_UNUSED_VARIABLE = YES;
				IPHONEOS_DEPLOYMENT_TARGET = 14.4;
				MTL_ENABLE_DEBUG_INFO = NO;
				MTL_FAST_MATH = YES;
				SDKROOT = iphoneos;
				SWIFT_COMPILATION_MODE = wholemodule;
				SWIFT_OPTIMIZATION_LEVEL = "-O";
				VALIDATE_PRODUCT = YES;
			};
			name = Release;
		};
		E2AEFA1E25EF0E2C00CC5BF2 /* Debug */ = {
			isa = XCBuildConfiguration;
			buildSettings = {
				ASSETCATALOG_COMPILER_APPICON_NAME = AppIcon;
				ASSETCATALOG_COMPILER_GLOBAL_ACCENT_COLOR_NAME = AccentColor;
				CODE_SIGN_STYLE = Automatic;
				DEVELOPMENT_ASSET_PATHS = "\"Fructus/Preview Content\"";
				DEVELOPMENT_TEAM = WJC52U7SSP;
				ENABLE_PREVIEWS = YES;
				INFOPLIST_FILE = Fructus/Info.plist;
				IPHONEOS_DEPLOYMENT_TARGET = 14.0;
				LD_RUNPATH_SEARCH_PATHS = (
					"$(inherited)",
					"@executable_path/Frameworks",
				);
				PRODUCT_BUNDLE_IDENTIFIER = com.myatthuko.Fructus;
				PRODUCT_NAME = "$(TARGET_NAME)";
				SWIFT_VERSION = 5.0;
				TARGETED_DEVICE_FAMILY = "1,2";
			};
			name = Debug;
		};
		E2AEFA1F25EF0E2C00CC5BF2 /* Release */ = {
			isa = XCBuildConfiguration;
			buildSettings = {
				ASSETCATALOG_COMPILER_APPICON_NAME = AppIcon;
				ASSETCATALOG_COMPILER_GLOBAL_ACCENT_COLOR_NAME = AccentColor;
				CODE_SIGN_STYLE = Automatic;
				DEVELOPMENT_ASSET_PATHS = "\"Fructus/Preview Content\"";
				DEVELOPMENT_TEAM = WJC52U7SSP;
				ENABLE_PREVIEWS = YES;
				INFOPLIST_FILE = Fructus/Info.plist;
				IPHONEOS_DEPLOYMENT_TARGET = 14.0;
				LD_RUNPATH_SEARCH_PATHS = (
					"$(inherited)",
					"@executable_path/Frameworks",
				);
				PRODUCT_BUNDLE_IDENTIFIER = com.myatthuko.Fructus;
				PRODUCT_NAME = "$(TARGET_NAME)";
				SWIFT_VERSION = 5.0;
				TARGETED_DEVICE_FAMILY = "1,2";
			};
			name = Release;
		};
/* End XCBuildConfiguration section */

/* Begin XCConfigurationList section */
		E2AEFA0925EF0E2B00CC5BF2 /* Build configuration list for PBXProject "Fructus" */ = {
			isa = XCConfigurationList;
			buildConfigurations = (
				E2AEFA1B25EF0E2C00CC5BF2 /* Debug */,
				E2AEFA1C25EF0E2C00CC5BF2 /* Release */,
			);
			defaultConfigurationIsVisible = 0;
			defaultConfigurationName = Release;
		};
		E2AEFA1D25EF0E2C00CC5BF2 /* Build configuration list for PBXNativeTarget "Fructus" */ = {
			isa = XCConfigurationList;
			buildConfigurations = (
				E2AEFA1E25EF0E2C00CC5BF2 /* Debug */,
				E2AEFA1F25EF0E2C00CC5BF2 /* Release */,
			);
			defaultConfigurationIsVisible = 0;
			defaultConfigurationName = Release;
		};
/* End XCConfigurationList section */
	};
	rootObject = E2AEFA0625EF0E2B00CC5BF2 /* Project object */;
}
